// !$*UTF8*$!
{
	archiveVersion = 1;
	classes = {
	};
	objectVersion = 50;
	objects = {

/* Begin PBXBuildFile section */
		99D5F36123065A5500C10D22 /* CountDownManager.cxx in Sources */ = {isa = PBXBuildFile; fileRef = 99D5F2F723065A4D00C10D22 /* CountDownManager.cxx */; };
		99D5F36223065A5500C10D22 /* obj_swapper.cxx in Sources */ = {isa = PBXBuildFile; fileRef = 99D5F2F923065A4D00C10D22 /* obj_swapper.cxx */; };
		99D5F36323065A5500C10D22 /* Attack.M in Sources */ = {isa = PBXBuildFile; fileRef = 99D5F2FA23065A4D00C10D22 /* Attack.M */; };
		99D5F36423065A5500C10D22 /* Garbage.cxx in Sources */ = {isa = PBXBuildFile; fileRef = 99D5F2FB23065A4D00C10D22 /* Garbage.cxx */; };
		99D5F36523065A5500C10D22 /* obj_garbage_small.cxx in Sources */ = {isa = PBXBuildFile; fileRef = 99D5F2FC23065A4D00C10D22 /* obj_garbage_small.cxx */; };
		99D5F36623065A5500C10D22 /* Spring.cxx in Sources */ = {isa = PBXBuildFile; fileRef = 99D5F2FD23065A4D00C10D22 /* Spring.cxx */; };
		99D5F36723065A5500C10D22 /* Displayer.cxx in Sources */ = {isa = PBXBuildFile; fileRef = 99D5F2FF23065A4D00C10D22 /* Displayer.cxx */; };
		99D5F36823065A5500C10D22 /* obj_garbage_thick_edge.cxx in Sources */ = {isa = PBXBuildFile; fileRef = 99D5F30023065A4D00C10D22 /* obj_garbage_thick_edge.cxx */; };
		99D5F36923065A5500C10D22 /* LightManager.cxx in Sources */ = {isa = PBXBuildFile; fileRef = 99D5F30123065A4D00C10D22 /* LightManager.cxx */; };
		99D5F36A23065A5500C10D22 /* DrawExternalCandy.cxx in Sources */ = {isa = PBXBuildFile; fileRef = 99D5F30323065A4D00C10D22 /* DrawExternalCandy.cxx */; };
		99D5F36B23065A5500C10D22 /* Game.cxx in Sources */ = {isa = PBXBuildFile; fileRef = 99D5F30523065A4D00C10D22 /* Game.cxx */; };
		99D5F36C23065A5500C10D22 /* DrawWinRecord.cxx in Sources */ = {isa = PBXBuildFile; fileRef = 99D5F30723065A4D00C10D22 /* DrawWinRecord.cxx */; };
		99D5F36D23065A5500C10D22 /* DrawCandy.cxx in Sources */ = {isa = PBXBuildFile; fileRef = 99D5F30A23065A4D00C10D22 /* DrawCandy.cxx */; };
		99D5F36E23065A5500C10D22 /* Sine.cxx in Sources */ = {isa = PBXBuildFile; fileRef = 99D5F30D23065A4D00C10D22 /* Sine.cxx */; };
		99D5F36F23065A5500C10D22 /* Swapper.cxx in Sources */ = {isa = PBXBuildFile; fileRef = 99D5F30E23065A4D00C10D22 /* Swapper.cxx */; };
		99D5F37023065A5500C10D22 /* obj_external_candy.cxx in Sources */ = {isa = PBXBuildFile; fileRef = 99D5F30F23065A4E00C10D22 /* obj_external_candy.cxx */; };
		99D5F37123065A5500C10D22 /* DrawSwapper.cxx in Sources */ = {isa = PBXBuildFile; fileRef = 99D5F31023065A4E00C10D22 /* DrawSwapper.cxx */; };
		99D5F37223065A5500C10D22 /* obj_block.cxx in Sources */ = {isa = PBXBuildFile; fileRef = 99D5F31223065A4E00C10D22 /* obj_block.cxx */; };
		99D5F37323065A5500C10D22 /* GarbageGenerator.cxx in Sources */ = {isa = PBXBuildFile; fileRef = 99D5F31523065A4E00C10D22 /* GarbageGenerator.cxx */; };
		99D5F37423065A5500C10D22 /* ComboTabulator.cxx in Sources */ = {isa = PBXBuildFile; fileRef = 99D5F31623065A4E00C10D22 /* ComboTabulator.cxx */; };
		99D5F37523065A5500C10D22 /* obj_garbage_thin_cap.cxx in Sources */ = {isa = PBXBuildFile; fileRef = 99D5F31723065A4E00C10D22 /* obj_garbage_thin_cap.cxx */; };
		99D5F37623065A5500C10D22 /* obj_score_record.cxx in Sources */ = {isa = PBXBuildFile; fileRef = 99D5F31823065A4E00C10D22 /* obj_score_record.cxx */; };
		99D5F37723065A5500C10D22 /* GarbageManager.cxx in Sources */ = {isa = PBXBuildFile; fileRef = 99D5F31B23065A4E00C10D22 /* GarbageManager.cxx */; };
		99D5F37823065A5500C10D22 /* BlockManager.cxx in Sources */ = {isa = PBXBuildFile; fileRef = 99D5F31C23065A4E00C10D22 /* BlockManager.cxx */; };
		99D5F37923065A5500C10D22 /* CAString.cxx in Sources */ = {isa = PBXBuildFile; fileRef = 99D5F31E23065A4F00C10D22 /* CAString.cxx */; };
		99D5F37A23065A5500C10D22 /* MessageManager.cxx in Sources */ = {isa = PBXBuildFile; fileRef = 99D5F31F23065A4F00C10D22 /* MessageManager.cxx */; };
		99D5F37B23065A5500C10D22 /* Block.cxx in Sources */ = {isa = PBXBuildFile; fileRef = 99D5F32123065A4F00C10D22 /* Block.cxx */; };
		99D5F37C23065A5500C10D22 /* MetaState.cxx in Sources */ = {isa = PBXBuildFile; fileRef = 99D5F32223065A4F00C10D22 /* MetaState.cxx */; };
		99D5F37D23065A5500C10D22 /* DrawGarbage.cxx in Sources */ = {isa = PBXBuildFile; fileRef = 99D5F32323065A4F00C10D22 /* DrawGarbage.cxx */; };
		99D5F37E23065A5500C10D22 /* LevelLights.cxx in Sources */ = {isa = PBXBuildFile; fileRef = 99D5F32523065A4F00C10D22 /* LevelLights.cxx */; };
		99D5F37F23065A5500C10D22 /* obj_level_lights.cxx in Sources */ = {isa = PBXBuildFile; fileRef = 99D5F32723065A5000C10D22 /* obj_level_lights.cxx */; };
		99D5F38023065A5500C10D22 /* TextureLoader.cxx in Sources */ = {isa = PBXBuildFile; fileRef = 99D5F32A23065A5000C10D22 /* TextureLoader.cxx */; };
		99D5F38123065A5500C10D22 /* ComboManager.cxx in Sources */ = {isa = PBXBuildFile; fileRef = 99D5F32B23065A5000C10D22 /* ComboManager.cxx */; };
		99D5F38223065A5500C10D22 /* DrawLevelLights.cxx in Sources */ = {isa = PBXBuildFile; fileRef = 99D5F32C23065A5000C10D22 /* DrawLevelLights.cxx */; };
		99D5F38323065A5500C10D22 /* obj_garbage_thick_middle.cxx in Sources */ = {isa = PBXBuildFile; fileRef = 99D5F33023065A5000C10D22 /* obj_garbage_thick_middle.cxx */; };
		99D5F38423065A5500C10D22 /* WinRecord.cxx in Sources */ = {isa = PBXBuildFile; fileRef = 99D5F33123065A5000C10D22 /* WinRecord.cxx */; };
		99D5F38523065A5500C10D22 /* Controller.cxx in Sources */ = {isa = PBXBuildFile; fileRef = 99D5F33223065A5000C10D22 /* Controller.cxx */; };
		99D5F38623065A5500C10D22 /* obj_sparkle.cxx in Sources */ = {isa = PBXBuildFile; fileRef = 99D5F33323065A5100C10D22 /* obj_sparkle.cxx */; };
		99D5F38723065A5500C10D22 /* Creep.cxx in Sources */ = {isa = PBXBuildFile; fileRef = 99D5F33623065A5100C10D22 /* Creep.cxx */; };
		99D5F38823065A5500C10D22 /* SparkleManager.cxx in Sources */ = {isa = PBXBuildFile; fileRef = 99D5F33723065A5100C10D22 /* SparkleManager.cxx */; };
		99D5F38923065A5500C10D22 /* obj_messages.cxx in Sources */ = {isa = PBXBuildFile; fileRef = 99D5F33823065A5100C10D22 /* obj_messages.cxx */; };
		99D5F38A23065A5500C10D22 /* Score.cxx in Sources */ = {isa = PBXBuildFile; fileRef = 99D5F33923065A5100C10D22 /* Score.cxx */; };
		99D5F38B23065A5500C10D22 /* Clock.cxx in Sources */ = {isa = PBXBuildFile; fileRef = 99D5F33A23065A5100C10D22 /* Clock.cxx */; };
		99D5F38C23065A5500C10D22 /* Attack.cxx in Sources */ = {isa = PBXBuildFile; fileRef = 99D5F33C23065A5100C10D22 /* Attack.cxx */; };
		99D5F38D23065A5500C10D22 /* obj_garbage_thick_corner.cxx in Sources */ = {isa = PBXBuildFile; fileRef = 99D5F33D23065A5100C10D22 /* obj_garbage_thick_corner.cxx */; };
		99D5F38E23065A5500C10D22 /* obj_garbage_thin_middle.cxx in Sources */ = {isa = PBXBuildFile; fileRef = 99D5F33E23065A5200C10D22 /* obj_garbage_thin_middle.cxx */; };
		99D5F38F23065A5500C10D22 /* obj_garbage.cxx in Sources */ = {isa = PBXBuildFile; fileRef = 99D5F33F23065A5200C10D22 /* obj_garbage.cxx */; };
		99D5F39023065A5500C10D22 /* ScoreRecordManager.cxx in Sources */ = {isa = PBXBuildFile; fileRef = 99D5F34223065A5200C10D22 /* ScoreRecordManager.cxx */; };
		99D5F39123065A5500C10D22 /* LoseBar.cxx in Sources */ = {isa = PBXBuildFile; fileRef = 99D5F34423065A5200C10D22 /* LoseBar.cxx */; };
		99D5F39223065A5500C10D22 /* CAOptionController.m in Sources */ = {isa = PBXBuildFile; fileRef = 99D5F34523065A5200C10D22 /* CAOptionController.m */; };
		99D5F39323065A5500C10D22 /* obj_clock.cxx in Sources */ = {isa = PBXBuildFile; fileRef = 99D5F34623065A5200C10D22 /* obj_clock.cxx */; };
		99D5F39423065A5500C10D22 /* DrawMessages.cxx in Sources */ = {isa = PBXBuildFile; fileRef = 99D5F34723065A5200C10D22 /* DrawMessages.cxx */; };
		99D5F39523065A5500C10D22 /* SignManager.cxx in Sources */ = {isa = PBXBuildFile; fileRef = 99D5F34C23065A5300C10D22 /* SignManager.cxx */; };
		99D5F39623065A5500C10D22 /* CelebrationManager.cxx in Sources */ = {isa = PBXBuildFile; fileRef = 99D5F34E23065A5300C10D22 /* CelebrationManager.cxx */; };
		99D5F39723065A5500C10D22 /* obj_name.cxx in Sources */ = {isa = PBXBuildFile; fileRef = 99D5F34F23065A5300C10D22 /* obj_name.cxx */; };
		99D5F39823065A5500C10D22 /* GarbageFlavorImage.cxx in Sources */ = {isa = PBXBuildFile; fileRef = 99D5F35223065A5300C10D22 /* GarbageFlavorImage.cxx */; };
		99D5F39923065A5500C10D22 /* DrawBlocks.cxx in Sources */ = {isa = PBXBuildFile; fileRef = 99D5F35623065A5400C10D22 /* DrawBlocks.cxx */; };
		99D5F39A23065A5500C10D22 /* DrawScoreRecord.cxx in Sources */ = {isa = PBXBuildFile; fileRef = 99D5F35823065A5400C10D22 /* DrawScoreRecord.cxx */; };
		99D5F39B23065A5500C10D22 /* Communicator.cxx in Sources */ = {isa = PBXBuildFile; fileRef = 99D5F35923065A5400C10D22 /* Communicator.cxx */; };
		99D5F39C23065A5500C10D22 /* X.cxx in Sources */ = {isa = PBXBuildFile; fileRef = 99D5F35A23065A5400C10D22 /* X.cxx */; };
		99D5F39D23065A5500C10D22 /* DrawCountDown.cxx in Sources */ = {isa = PBXBuildFile; fileRef = 99D5F35C23065A5400C10D22 /* DrawCountDown.cxx */; };
		99D5F39E23065A5500C10D22 /* Random.cxx in Sources */ = {isa = PBXBuildFile; fileRef = 99D5F35D23065A5400C10D22 /* Random.cxx */; };
		99D5F39F23065A5500C10D22 /* obj_sign.cxx in Sources */ = {isa = PBXBuildFile; fileRef = 99D5F35E23065A5400C10D22 /* obj_sign.cxx */; };
		99D5F3A023065A5500C10D22 /* Grid.cxx in Sources */ = {isa = PBXBuildFile; fileRef = 99D5F35F23065A5400C10D22 /* Grid.cxx */; };
		99D5F3A323065EDF00C10D22 /* GLUT.framework in Frameworks */ = {isa = PBXBuildFile; fileRef = 99D5F3A223065EDF00C10D22 /* GLUT.framework */; };
		99D5F3A72308C80800C10D22 /* Assets.xcassets in CopyFiles */ = {isa = PBXBuildFile; fileRef = 99D5F3A52306610A00C10D22 /* Assets.xcassets */; };
/* End PBXBuildFile section */

/* Begin PBXCopyFilesBuildPhase section */
		99D5F2EB23065A2100C10D22 /* CopyFiles */ = {
			isa = PBXCopyFilesBuildPhase;
			buildActionMask = 12;
			dstPath = "";
			dstSubfolderSpec = 16;
			files = (
				99D5F3A72308C80800C10D22 /* Assets.xcassets in CopyFiles */,
			);
			runOnlyForDeploymentPostprocessing = 0;
		};
/* End PBXCopyFilesBuildPhase section */

/* Begin PBXFileReference section */
		99D5F2ED23065A2100C10D22 /* Crack Attack */ = {isa = PBXFileReference; explicitFileType = "compiled.mach-o.executable"; includeInIndex = 0; path = "Crack Attack"; sourceTree = BUILT_PRODUCTS_DIR; };
		99D5F2F723065A4D00C10D22 /* CountDownManager.cxx */ = {isa = PBXFileReference; fileEncoding = 4; lastKnownFileType = sourcecode.cpp.cpp; path = CountDownManager.cxx; sourceTree = "<group>"; };
		99D5F2F823065A4D00C10D22 /* GarbageFlavorImage.h */ = {isa = PBXFileReference; fileEncoding = 4; lastKnownFileType = sourcecode.c.h; path = GarbageFlavorImage.h; sourceTree = "<group>"; };
		99D5F2F923065A4D00C10D22 /* obj_swapper.cxx */ = {isa = PBXFileReference; fileEncoding = 4; lastKnownFileType = sourcecode.cpp.cpp; path = obj_swapper.cxx; sourceTree = "<group>"; };
		99D5F2FA23065A4D00C10D22 /* Attack.M */ = {isa = PBXFileReference; fileEncoding = 4; lastKnownFileType = sourcecode.cpp.objcpp; path = Attack.M; sourceTree = "<group>"; };
		99D5F2FB23065A4D00C10D22 /* Garbage.cxx */ = {isa = PBXFileReference; fileEncoding = 4; lastKnownFileType = sourcecode.cpp.cpp; path = Garbage.cxx; sourceTree = "<group>"; };
		99D5F2FC23065A4D00C10D22 /* obj_garbage_small.cxx */ = {isa = PBXFileReference; fileEncoding = 4; lastKnownFileType = sourcecode.cpp.cpp; path = obj_garbage_small.cxx; sourceTree = "<group>"; };
		99D5F2FD23065A4D00C10D22 /* Spring.cxx */ = {isa = PBXFileReference; fileEncoding = 4; lastKnownFileType = sourcecode.cpp.cpp; path = Spring.cxx; sourceTree = "<group>"; };
		99D5F2FE23065A4D00C10D22 /* Displayer.h */ = {isa = PBXFileReference; fileEncoding = 4; lastKnownFileType = sourcecode.c.h; path = Displayer.h; sourceTree = "<group>"; };
		99D5F2FF23065A4D00C10D22 /* Displayer.cxx */ = {isa = PBXFileReference; fileEncoding = 4; lastKnownFileType = sourcecode.cpp.cpp; path = Displayer.cxx; sourceTree = "<group>"; };
		99D5F30023065A4D00C10D22 /* obj_garbage_thick_edge.cxx */ = {isa = PBXFileReference; fileEncoding = 4; lastKnownFileType = sourcecode.cpp.cpp; path = obj_garbage_thick_edge.cxx; sourceTree = "<group>"; };
		99D5F30123065A4D00C10D22 /* LightManager.cxx */ = {isa = PBXFileReference; fileEncoding = 4; lastKnownFileType = sourcecode.cpp.cpp; path = LightManager.cxx; sourceTree = "<group>"; };
		99D5F30223065A4D00C10D22 /* Sine.h */ = {isa = PBXFileReference; fileEncoding = 4; lastKnownFileType = sourcecode.c.h; path = Sine.h; sourceTree = "<group>"; };
		99D5F30323065A4D00C10D22 /* DrawExternalCandy.cxx */ = {isa = PBXFileReference; fileEncoding = 4; lastKnownFileType = sourcecode.cpp.cpp; path = DrawExternalCandy.cxx; sourceTree = "<group>"; };
		99D5F30423065A4D00C10D22 /* Communicator.h */ = {isa = PBXFileReference; fileEncoding = 4; lastKnownFileType = sourcecode.c.h; path = Communicator.h; sourceTree = "<group>"; };
		99D5F30523065A4D00C10D22 /* Game.cxx */ = {isa = PBXFileReference; fileEncoding = 4; lastKnownFileType = sourcecode.cpp.cpp; path = Game.cxx; sourceTree = "<group>"; };
		99D5F30723065A4D00C10D22 /* DrawWinRecord.cxx */ = {isa = PBXFileReference; fileEncoding = 4; lastKnownFileType = sourcecode.cpp.cpp; path = DrawWinRecord.cxx; sourceTree = "<group>"; };
		99D5F30923065A4D00C10D22 /* Block.h */ = {isa = PBXFileReference; fileEncoding = 4; lastKnownFileType = sourcecode.c.h; path = Block.h; sourceTree = "<group>"; };
		99D5F30A23065A4D00C10D22 /* DrawCandy.cxx */ = {isa = PBXFileReference; fileEncoding = 4; lastKnownFileType = sourcecode.cpp.cpp; path = DrawCandy.cxx; sourceTree = "<group>"; };
		99D5F30B23065A4D00C10D22 /* Game.h */ = {isa = PBXFileReference; fileEncoding = 4; lastKnownFileType = sourcecode.c.h; path = Game.h; sourceTree = "<group>"; };
		99D5F30C23065A4D00C10D22 /* Random.h */ = {isa = PBXFileReference; fileEncoding = 4; lastKnownFileType = sourcecode.c.h; path = Random.h; sourceTree = "<group>"; };
		99D5F30D23065A4D00C10D22 /* Sine.cxx */ = {isa = PBXFileReference; fileEncoding = 4; lastKnownFileType = sourcecode.cpp.cpp; path = Sine.cxx; sourceTree = "<group>"; };
		99D5F30E23065A4D00C10D22 /* Swapper.cxx */ = {isa = PBXFileReference; fileEncoding = 4; lastKnownFileType = sourcecode.cpp.cpp; path = Swapper.cxx; sourceTree = "<group>"; };
		99D5F30F23065A4E00C10D22 /* obj_external_candy.cxx */ = {isa = PBXFileReference; fileEncoding = 4; lastKnownFileType = sourcecode.cpp.cpp; path = obj_external_candy.cxx; sourceTree = "<group>"; };
		99D5F31023065A4E00C10D22 /* DrawSwapper.cxx */ = {isa = PBXFileReference; fileEncoding = 4; lastKnownFileType = sourcecode.cpp.cpp; path = DrawSwapper.cxx; sourceTree = "<group>"; };
		99D5F31123065A4E00C10D22 /* Controller.h */ = {isa = PBXFileReference; fileEncoding = 4; lastKnownFileType = sourcecode.c.h; path = Controller.h; sourceTree = "<group>"; };
		99D5F31223065A4E00C10D22 /* obj_block.cxx */ = {isa = PBXFileReference; fileEncoding = 4; lastKnownFileType = sourcecode.cpp.cpp; path = obj_block.cxx; sourceTree = "<group>"; };
		99D5F31323065A4E00C10D22 /* Grid.h */ = {isa = PBXFileReference; fileEncoding = 4; lastKnownFileType = sourcecode.c.h; path = Grid.h; sourceTree = "<group>"; };
		99D5F31423065A4E00C10D22 /* Creep.h */ = {isa = PBXFileReference; fileEncoding = 4; lastKnownFileType = sourcecode.c.h; path = Creep.h; sourceTree = "<group>"; };
		99D5F31523065A4E00C10D22 /* GarbageGenerator.cxx */ = {isa = PBXFileReference; fileEncoding = 4; lastKnownFileType = sourcecode.cpp.cpp; path = GarbageGenerator.cxx; sourceTree = "<group>"; };
		99D5F31623065A4E00C10D22 /* ComboTabulator.cxx */ = {isa = PBXFileReference; fileEncoding = 4; lastKnownFileType = sourcecode.cpp.cpp; path = ComboTabulator.cxx; sourceTree = "<group>"; };
		99D5F31723065A4E00C10D22 /* obj_garbage_thin_cap.cxx */ = {isa = PBXFileReference; fileEncoding = 4; lastKnownFileType = sourcecode.cpp.cpp; path = obj_garbage_thin_cap.cxx; sourceTree = "<group>"; };
		99D5F31823065A4E00C10D22 /* obj_score_record.cxx */ = {isa = PBXFileReference; fileEncoding = 4; lastKnownFileType = sourcecode.cpp.cpp; path = obj_score_record.cxx; sourceTree = "<group>"; };
		99D5F31923065A4E00C10D22 /* Garbage.h */ = {isa = PBXFileReference; fileEncoding = 4; lastKnownFileType = sourcecode.c.h; path = Garbage.h; sourceTree = "<group>"; };
		99D5F31A23065A4E00C10D22 /* CAString.h */ = {isa = PBXFileReference; fileEncoding = 4; lastKnownFileType = sourcecode.c.h; path = CAString.h; sourceTree = "<group>"; };
		99D5F31B23065A4E00C10D22 /* GarbageManager.cxx */ = {isa = PBXFileReference; fileEncoding = 4; lastKnownFileType = sourcecode.cpp.cpp; path = GarbageManager.cxx; sourceTree = "<group>"; };
		99D5F31C23065A4E00C10D22 /* BlockManager.cxx */ = {isa = PBXFileReference; fileEncoding = 4; lastKnownFileType = sourcecode.cpp.cpp; path = BlockManager.cxx; sourceTree = "<group>"; };
		99D5F31D23065A4F00C10D22 /* MetaState.h */ = {isa = PBXFileReference; fileEncoding = 4; lastKnownFileType = sourcecode.c.h; path = MetaState.h; sourceTree = "<group>"; };
		99D5F31E23065A4F00C10D22 /* CAString.cxx */ = {isa = PBXFileReference; fileEncoding = 4; lastKnownFileType = sourcecode.cpp.cpp; path = CAString.cxx; sourceTree = "<group>"; };
		99D5F31F23065A4F00C10D22 /* MessageManager.cxx */ = {isa = PBXFileReference; fileEncoding = 4; lastKnownFileType = sourcecode.cpp.cpp; path = MessageManager.cxx; sourceTree = "<group>"; };
		99D5F32023065A4F00C10D22 /* Attack.h */ = {isa = PBXFileReference; fileEncoding = 4; lastKnownFileType = sourcecode.c.h; path = Attack.h; sourceTree = "<group>"; };
		99D5F32123065A4F00C10D22 /* Block.cxx */ = {isa = PBXFileReference; fileEncoding = 4; lastKnownFileType = sourcecode.cpp.cpp; path = Block.cxx; sourceTree = "<group>"; };
		99D5F32223065A4F00C10D22 /* MetaState.cxx */ = {isa = PBXFileReference; fileEncoding = 4; lastKnownFileType = sourcecode.cpp.cpp; path = MetaState.cxx; sourceTree = "<group>"; };
		99D5F32323065A4F00C10D22 /* DrawGarbage.cxx */ = {isa = PBXFileReference; fileEncoding = 4; lastKnownFileType = sourcecode.cpp.cpp; path = DrawGarbage.cxx; sourceTree = "<group>"; };
		99D5F32423065A4F00C10D22 /* CelebrationManager.h */ = {isa = PBXFileReference; fileEncoding = 4; lastKnownFileType = sourcecode.c.h; path = CelebrationManager.h; sourceTree = "<group>"; };
		99D5F32523065A4F00C10D22 /* LevelLights.cxx */ = {isa = PBXFileReference; fileEncoding = 4; lastKnownFileType = sourcecode.cpp.cpp; path = LevelLights.cxx; sourceTree = "<group>"; };
		99D5F32623065A4F00C10D22 /* GarbageManager.h */ = {isa = PBXFileReference; fileEncoding = 4; lastKnownFileType = sourcecode.c.h; path = GarbageManager.h; sourceTree = "<group>"; };
		99D5F32723065A5000C10D22 /* obj_level_lights.cxx */ = {isa = PBXFileReference; fileEncoding = 4; lastKnownFileType = sourcecode.cpp.cpp; path = obj_level_lights.cxx; sourceTree = "<group>"; };
		99D5F32823065A5000C10D22 /* CountDownManager.h */ = {isa = PBXFileReference; fileEncoding = 4; lastKnownFileType = sourcecode.c.h; path = CountDownManager.h; sourceTree = "<group>"; };
		99D5F32923065A5000C10D22 /* Score.h */ = {isa = PBXFileReference; fileEncoding = 4; lastKnownFileType = sourcecode.c.h; path = Score.h; sourceTree = "<group>"; };
		99D5F32A23065A5000C10D22 /* TextureLoader.cxx */ = {isa = PBXFileReference; fileEncoding = 4; lastKnownFileType = sourcecode.cpp.cpp; path = TextureLoader.cxx; sourceTree = "<group>"; };
		99D5F32B23065A5000C10D22 /* ComboManager.cxx */ = {isa = PBXFileReference; fileEncoding = 4; lastKnownFileType = sourcecode.cpp.cpp; path = ComboManager.cxx; sourceTree = "<group>"; };
		99D5F32C23065A5000C10D22 /* DrawLevelLights.cxx */ = {isa = PBXFileReference; fileEncoding = 4; lastKnownFileType = sourcecode.cpp.cpp; path = DrawLevelLights.cxx; sourceTree = "<group>"; };
		99D5F32D23065A5000C10D22 /* CAOptionController.h */ = {isa = PBXFileReference; fileEncoding = 4; lastKnownFileType = sourcecode.c.h; path = CAOptionController.h; sourceTree = "<group>"; };
		99D5F32E23065A5000C10D22 /* Clock.h */ = {isa = PBXFileReference; fileEncoding = 4; lastKnownFileType = sourcecode.c.h; path = Clock.h; sourceTree = "<group>"; };
		99D5F32F23065A5000C10D22 /* BlockManager.h */ = {isa = PBXFileReference; fileEncoding = 4; lastKnownFileType = sourcecode.c.h; path = BlockManager.h; sourceTree = "<group>"; };
		99D5F33023065A5000C10D22 /* obj_garbage_thick_middle.cxx */ = {isa = PBXFileReference; fileEncoding = 4; lastKnownFileType = sourcecode.cpp.cpp; path = obj_garbage_thick_middle.cxx; sourceTree = "<group>"; };
		99D5F33123065A5000C10D22 /* WinRecord.cxx */ = {isa = PBXFileReference; fileEncoding = 4; lastKnownFileType = sourcecode.cpp.cpp; path = WinRecord.cxx; sourceTree = "<group>"; };
		99D5F33223065A5000C10D22 /* Controller.cxx */ = {isa = PBXFileReference; fileEncoding = 4; lastKnownFileType = sourcecode.cpp.cpp; path = Controller.cxx; sourceTree = "<group>"; };
		99D5F33323065A5100C10D22 /* obj_sparkle.cxx */ = {isa = PBXFileReference; fileEncoding = 4; lastKnownFileType = sourcecode.cpp.cpp; path = obj_sparkle.cxx; sourceTree = "<group>"; };
		99D5F33423065A5100C10D22 /* LevelLights.h */ = {isa = PBXFileReference; fileEncoding = 4; lastKnownFileType = sourcecode.c.h; path = LevelLights.h; sourceTree = "<group>"; };
		99D5F33523065A5100C10D22 /* config.h */ = {isa = PBXFileReference; fileEncoding = 4; lastKnownFileType = sourcecode.c.h; path = config.h; sourceTree = "<group>"; };
		99D5F33623065A5100C10D22 /* Creep.cxx */ = {isa = PBXFileReference; fileEncoding = 4; lastKnownFileType = sourcecode.cpp.cpp; path = Creep.cxx; sourceTree = "<group>"; };
		99D5F33723065A5100C10D22 /* SparkleManager.cxx */ = {isa = PBXFileReference; fileEncoding = 4; lastKnownFileType = sourcecode.cpp.cpp; path = SparkleManager.cxx; sourceTree = "<group>"; };
		99D5F33823065A5100C10D22 /* obj_messages.cxx */ = {isa = PBXFileReference; fileEncoding = 4; lastKnownFileType = sourcecode.cpp.cpp; path = obj_messages.cxx; sourceTree = "<group>"; };
		99D5F33923065A5100C10D22 /* Score.cxx */ = {isa = PBXFileReference; fileEncoding = 4; lastKnownFileType = sourcecode.cpp.cpp; path = Score.cxx; sourceTree = "<group>"; };
		99D5F33A23065A5100C10D22 /* Clock.cxx */ = {isa = PBXFileReference; fileEncoding = 4; lastKnownFileType = sourcecode.cpp.cpp; path = Clock.cxx; sourceTree = "<group>"; };
		99D5F33C23065A5100C10D22 /* Attack.cxx */ = {isa = PBXFileReference; fileEncoding = 4; lastKnownFileType = sourcecode.cpp.cpp; path = Attack.cxx; sourceTree = "<group>"; };
		99D5F33D23065A5100C10D22 /* obj_garbage_thick_corner.cxx */ = {isa = PBXFileReference; fileEncoding = 4; lastKnownFileType = sourcecode.cpp.cpp; path = obj_garbage_thick_corner.cxx; sourceTree = "<group>"; };
		99D5F33E23065A5200C10D22 /* obj_garbage_thin_middle.cxx */ = {isa = PBXFileReference; fileEncoding = 4; lastKnownFileType = sourcecode.cpp.cpp; path = obj_garbage_thin_middle.cxx; sourceTree = "<group>"; };
		99D5F33F23065A5200C10D22 /* obj_garbage.cxx */ = {isa = PBXFileReference; fileEncoding = 4; lastKnownFileType = sourcecode.cpp.cpp; path = obj_garbage.cxx; sourceTree = "<group>"; };
		99D5F34023065A5200C10D22 /* Swapper.h */ = {isa = PBXFileReference; fileEncoding = 4; lastKnownFileType = sourcecode.c.h; path = Swapper.h; sourceTree = "<group>"; };
		99D5F34123065A5200C10D22 /* ScoreRecordManager.h */ = {isa = PBXFileReference; fileEncoding = 4; lastKnownFileType = sourcecode.c.h; path = ScoreRecordManager.h; sourceTree = "<group>"; };
		99D5F34223065A5200C10D22 /* ScoreRecordManager.cxx */ = {isa = PBXFileReference; fileEncoding = 4; lastKnownFileType = sourcecode.cpp.cpp; path = ScoreRecordManager.cxx; sourceTree = "<group>"; };
		99D5F34423065A5200C10D22 /* LoseBar.cxx */ = {isa = PBXFileReference; fileEncoding = 4; lastKnownFileType = sourcecode.cpp.cpp; path = LoseBar.cxx; sourceTree = "<group>"; };
		99D5F34523065A5200C10D22 /* CAOptionController.m */ = {isa = PBXFileReference; fileEncoding = 4; lastKnownFileType = sourcecode.c.objc; path = CAOptionController.m; sourceTree = "<group>"; };
		99D5F34623065A5200C10D22 /* obj_clock.cxx */ = {isa = PBXFileReference; fileEncoding = 4; lastKnownFileType = sourcecode.cpp.cpp; path = obj_clock.cxx; sourceTree = "<group>"; };
		99D5F34723065A5200C10D22 /* DrawMessages.cxx */ = {isa = PBXFileReference; fileEncoding = 4; lastKnownFileType = sourcecode.cpp.cpp; path = DrawMessages.cxx; sourceTree = "<group>"; };
		99D5F34823065A5200C10D22 /* X.h */ = {isa = PBXFileReference; fileEncoding = 4; lastKnownFileType = sourcecode.c.h; path = X.h; sourceTree = "<group>"; };
		99D5F34923065A5200C10D22 /* LightManager.h */ = {isa = PBXFileReference; fileEncoding = 4; lastKnownFileType = sourcecode.c.h; path = LightManager.h; sourceTree = "<group>"; };
		99D5F34A23065A5300C10D22 /* SignManager.h */ = {isa = PBXFileReference; fileEncoding = 4; lastKnownFileType = sourcecode.c.h; path = SignManager.h; sourceTree = "<group>"; };
		99D5F34B23065A5300C10D22 /* ComboManager.h */ = {isa = PBXFileReference; fileEncoding = 4; lastKnownFileType = sourcecode.c.h; path = ComboManager.h; sourceTree = "<group>"; };
		99D5F34C23065A5300C10D22 /* SignManager.cxx */ = {isa = PBXFileReference; fileEncoding = 4; lastKnownFileType = sourcecode.cpp.cpp; path = SignManager.cxx; sourceTree = "<group>"; };
		99D5F34D23065A5300C10D22 /* Spring.h */ = {isa = PBXFileReference; fileEncoding = 4; lastKnownFileType = sourcecode.c.h; path = Spring.h; sourceTree = "<group>"; };
		99D5F34E23065A5300C10D22 /* CelebrationManager.cxx */ = {isa = PBXFileReference; fileEncoding = 4; lastKnownFileType = sourcecode.cpp.cpp; path = CelebrationManager.cxx; sourceTree = "<group>"; };
		99D5F34F23065A5300C10D22 /* obj_name.cxx */ = {isa = PBXFileReference; fileEncoding = 4; lastKnownFileType = sourcecode.cpp.cpp; path = obj_name.cxx; sourceTree = "<group>"; };
		99D5F35023065A5300C10D22 /* MessageManager.h */ = {isa = PBXFileReference; fileEncoding = 4; lastKnownFileType = sourcecode.c.h; path = MessageManager.h; sourceTree = "<group>"; };
		99D5F35123065A5300C10D22 /* GarbageGenerator.h */ = {isa = PBXFileReference; fileEncoding = 4; lastKnownFileType = sourcecode.c.h; path = GarbageGenerator.h; sourceTree = "<group>"; };
		99D5F35223065A5300C10D22 /* GarbageFlavorImage.cxx */ = {isa = PBXFileReference; fileEncoding = 4; lastKnownFileType = sourcecode.cpp.cpp; path = GarbageFlavorImage.cxx; sourceTree = "<group>"; };
		99D5F35323065A5300C10D22 /* ComboTabulator.h */ = {isa = PBXFileReference; fileEncoding = 4; lastKnownFileType = sourcecode.c.h; path = ComboTabulator.h; sourceTree = "<group>"; };
		99D5F35423065A5300C10D22 /* TextureLoader.h */ = {isa = PBXFileReference; fileEncoding = 4; lastKnownFileType = sourcecode.c.h; path = TextureLoader.h; sourceTree = "<group>"; };
		99D5F35523065A5300C10D22 /* SparkleManager.h */ = {isa = PBXFileReference; fileEncoding = 4; lastKnownFileType = sourcecode.c.h; path = SparkleManager.h; sourceTree = "<group>"; };
		99D5F35623065A5400C10D22 /* DrawBlocks.cxx */ = {isa = PBXFileReference; fileEncoding = 4; lastKnownFileType = sourcecode.cpp.cpp; path = DrawBlocks.cxx; sourceTree = "<group>"; };
		99D5F35723065A5400C10D22 /* GraphicsInclude.h */ = {isa = PBXFileReference; fileEncoding = 4; lastKnownFileType = sourcecode.c.h; path = GraphicsInclude.h; sourceTree = "<group>"; };
		99D5F35823065A5400C10D22 /* DrawScoreRecord.cxx */ = {isa = PBXFileReference; fileEncoding = 4; lastKnownFileType = sourcecode.cpp.cpp; path = DrawScoreRecord.cxx; sourceTree = "<group>"; };
		99D5F35923065A5400C10D22 /* Communicator.cxx */ = {isa = PBXFileReference; fileEncoding = 4; lastKnownFileType = sourcecode.cpp.cpp; path = Communicator.cxx; sourceTree = "<group>"; };
		99D5F35A23065A5400C10D22 /* X.cxx */ = {isa = PBXFileReference; fileEncoding = 4; lastKnownFileType = sourcecode.cpp.cpp; path = X.cxx; sourceTree = "<group>"; };
		99D5F35B23065A5400C10D22 /* WinRecord.h */ = {isa = PBXFileReference; fileEncoding = 4; lastKnownFileType = sourcecode.c.h; path = WinRecord.h; sourceTree = "<group>"; };
		99D5F35C23065A5400C10D22 /* DrawCountDown.cxx */ = {isa = PBXFileReference; fileEncoding = 4; lastKnownFileType = sourcecode.cpp.cpp; path = DrawCountDown.cxx; sourceTree = "<group>"; };
		99D5F35D23065A5400C10D22 /* Random.cxx */ = {isa = PBXFileReference; fileEncoding = 4; lastKnownFileType = sourcecode.cpp.cpp; path = Random.cxx; sourceTree = "<group>"; };
		99D5F35E23065A5400C10D22 /* obj_sign.cxx */ = {isa = PBXFileReference; fileEncoding = 4; lastKnownFileType = sourcecode.cpp.cpp; path = obj_sign.cxx; sourceTree = "<group>"; };
		99D5F35F23065A5400C10D22 /* Grid.cxx */ = {isa = PBXFileReference; fileEncoding = 4; lastKnownFileType = sourcecode.cpp.cpp; path = Grid.cxx; sourceTree = "<group>"; };
		99D5F36023065A5400C10D22 /* LoseBar.h */ = {isa = PBXFileReference; fileEncoding = 4; lastKnownFileType = sourcecode.c.h; path = LoseBar.h; sourceTree = "<group>"; };
		99D5F3A223065EDF00C10D22 /* GLUT.framework */ = {isa = PBXFileReference; lastKnownFileType = wrapper.framework; name = GLUT.framework; path = System/Library/Frameworks/GLUT.framework; sourceTree = SDKROOT; };
		99D5F3A52306610A00C10D22 /* Assets.xcassets */ = {isa = PBXFileReference; lastKnownFileType = folder.assetcatalog; path = Assets.xcassets; sourceTree = "<group>"; };
/* End PBXFileReference section */

/* Begin PBXFrameworksBuildPhase section */
		99D5F2EA23065A2100C10D22 /* Frameworks */ = {
			isa = PBXFrameworksBuildPhase;
			buildActionMask = 2147483647;
			files = (
				99D5F3A323065EDF00C10D22 /* GLUT.framework in Frameworks */,
			);
			runOnlyForDeploymentPostprocessing = 0;
		};
/* End PBXFrameworksBuildPhase section */

/* Begin PBXGroup section */
		99D5F2E423065A2100C10D22 = {
			isa = PBXGroup;
			children = (
				99D5F3A4230660EF00C10D22 /* Assets */,
				99D5F2EF23065A2100C10D22 /* Crack Attack */,
				99D5F2EE23065A2100C10D22 /* Products */,
				99D5F3A123065EDF00C10D22 /* Frameworks */,
			);
			sourceTree = "<group>";
		};
		99D5F2EE23065A2100C10D22 /* Products */ = {
			isa = PBXGroup;
			children = (
				99D5F2ED23065A2100C10D22 /* Crack Attack */,
			);
			name = Products;
			sourceTree = "<group>";
		};
		99D5F2EF23065A2100C10D22 /* Crack Attack */ = {
			isa = PBXGroup;
			children = (
				99D5F33C23065A5100C10D22 /* Attack.cxx */,
				99D5F32023065A4F00C10D22 /* Attack.h */,
				99D5F2FA23065A4D00C10D22 /* Attack.M */,
				99D5F32123065A4F00C10D22 /* Block.cxx */,
				99D5F30923065A4D00C10D22 /* Block.h */,
				99D5F31C23065A4E00C10D22 /* BlockManager.cxx */,
				99D5F32F23065A5000C10D22 /* BlockManager.h */,
				99D5F32D23065A5000C10D22 /* CAOptionController.h */,
				99D5F34523065A5200C10D22 /* CAOptionController.m */,
				99D5F31E23065A4F00C10D22 /* CAString.cxx */,
				99D5F31A23065A4E00C10D22 /* CAString.h */,
				99D5F34E23065A5300C10D22 /* CelebrationManager.cxx */,
				99D5F32423065A4F00C10D22 /* CelebrationManager.h */,
				99D5F33A23065A5100C10D22 /* Clock.cxx */,
				99D5F32E23065A5000C10D22 /* Clock.h */,
				99D5F32B23065A5000C10D22 /* ComboManager.cxx */,
				99D5F34B23065A5300C10D22 /* ComboManager.h */,
				99D5F31623065A4E00C10D22 /* ComboTabulator.cxx */,
				99D5F35323065A5300C10D22 /* ComboTabulator.h */,
				99D5F35923065A5400C10D22 /* Communicator.cxx */,
				99D5F30423065A4D00C10D22 /* Communicator.h */,
				99D5F33523065A5100C10D22 /* config.h */,
				99D5F33223065A5000C10D22 /* Controller.cxx */,
				99D5F31123065A4E00C10D22 /* Controller.h */,
				99D5F2F723065A4D00C10D22 /* CountDownManager.cxx */,
				99D5F32823065A5000C10D22 /* CountDownManager.h */,
				99D5F33623065A5100C10D22 /* Creep.cxx */,
				99D5F31423065A4E00C10D22 /* Creep.h */,
				99D5F2FF23065A4D00C10D22 /* Displayer.cxx */,
				99D5F2FE23065A4D00C10D22 /* Displayer.h */,
				99D5F35623065A5400C10D22 /* DrawBlocks.cxx */,
				99D5F30A23065A4D00C10D22 /* DrawCandy.cxx */,
				99D5F35C23065A5400C10D22 /* DrawCountDown.cxx */,
				99D5F30323065A4D00C10D22 /* DrawExternalCandy.cxx */,
				99D5F32323065A4F00C10D22 /* DrawGarbage.cxx */,
				99D5F32C23065A5000C10D22 /* DrawLevelLights.cxx */,
				99D5F34723065A5200C10D22 /* DrawMessages.cxx */,
				99D5F35823065A5400C10D22 /* DrawScoreRecord.cxx */,
				99D5F31023065A4E00C10D22 /* DrawSwapper.cxx */,
				99D5F30723065A4D00C10D22 /* DrawWinRecord.cxx */,
				99D5F30523065A4D00C10D22 /* Game.cxx */,
				99D5F30B23065A4D00C10D22 /* Game.h */,
				99D5F2FB23065A4D00C10D22 /* Garbage.cxx */,
				99D5F31923065A4E00C10D22 /* Garbage.h */,
				99D5F35223065A5300C10D22 /* GarbageFlavorImage.cxx */,
				99D5F2F823065A4D00C10D22 /* GarbageFlavorImage.h */,
				99D5F31523065A4E00C10D22 /* GarbageGenerator.cxx */,
				99D5F35123065A5300C10D22 /* GarbageGenerator.h */,
				99D5F31B23065A4E00C10D22 /* GarbageManager.cxx */,
				99D5F32623065A4F00C10D22 /* GarbageManager.h */,
				99D5F35723065A5400C10D22 /* GraphicsInclude.h */,
				99D5F35F23065A5400C10D22 /* Grid.cxx */,
				99D5F31323065A4E00C10D22 /* Grid.h */,
				99D5F32523065A4F00C10D22 /* LevelLights.cxx */,
				99D5F33423065A5100C10D22 /* LevelLights.h */,
				99D5F30123065A4D00C10D22 /* LightManager.cxx */,
				99D5F34923065A5200C10D22 /* LightManager.h */,
				99D5F34423065A5200C10D22 /* LoseBar.cxx */,
				99D5F36023065A5400C10D22 /* LoseBar.h */,
				99D5F31F23065A4F00C10D22 /* MessageManager.cxx */,
				99D5F35023065A5300C10D22 /* MessageManager.h */,
				99D5F32223065A4F00C10D22 /* MetaState.cxx */,
				99D5F31D23065A4F00C10D22 /* MetaState.h */,
				99D5F31223065A4E00C10D22 /* obj_block.cxx */,
				99D5F34623065A5200C10D22 /* obj_clock.cxx */,
				99D5F30F23065A4E00C10D22 /* obj_external_candy.cxx */,
				99D5F2FC23065A4D00C10D22 /* obj_garbage_small.cxx */,
				99D5F33D23065A5100C10D22 /* obj_garbage_thick_corner.cxx */,
				99D5F30023065A4D00C10D22 /* obj_garbage_thick_edge.cxx */,
				99D5F33023065A5000C10D22 /* obj_garbage_thick_middle.cxx */,
				99D5F31723065A4E00C10D22 /* obj_garbage_thin_cap.cxx */,
				99D5F33E23065A5200C10D22 /* obj_garbage_thin_middle.cxx */,
				99D5F33F23065A5200C10D22 /* obj_garbage.cxx */,
				99D5F32723065A5000C10D22 /* obj_level_lights.cxx */,
				99D5F33823065A5100C10D22 /* obj_messages.cxx */,
				99D5F34F23065A5300C10D22 /* obj_name.cxx */,
				99D5F31823065A4E00C10D22 /* obj_score_record.cxx */,
				99D5F35E23065A5400C10D22 /* obj_sign.cxx */,
				99D5F33323065A5100C10D22 /* obj_sparkle.cxx */,
				99D5F2F923065A4D00C10D22 /* obj_swapper.cxx */,
				99D5F35D23065A5400C10D22 /* Random.cxx */,
				99D5F30C23065A4D00C10D22 /* Random.h */,
				99D5F33923065A5100C10D22 /* Score.cxx */,
				99D5F32923065A5000C10D22 /* Score.h */,
				99D5F34223065A5200C10D22 /* ScoreRecordManager.cxx */,
				99D5F34123065A5200C10D22 /* ScoreRecordManager.h */,
				99D5F34C23065A5300C10D22 /* SignManager.cxx */,
				99D5F34A23065A5300C10D22 /* SignManager.h */,
				99D5F30D23065A4D00C10D22 /* Sine.cxx */,
				99D5F30223065A4D00C10D22 /* Sine.h */,
				99D5F33723065A5100C10D22 /* SparkleManager.cxx */,
				99D5F35523065A5300C10D22 /* SparkleManager.h */,
				99D5F2FD23065A4D00C10D22 /* Spring.cxx */,
				99D5F34D23065A5300C10D22 /* Spring.h */,
				99D5F30E23065A4D00C10D22 /* Swapper.cxx */,
				99D5F34023065A5200C10D22 /* Swapper.h */,
				99D5F32A23065A5000C10D22 /* TextureLoader.cxx */,
				99D5F35423065A5300C10D22 /* TextureLoader.h */,
				99D5F33123065A5000C10D22 /* WinRecord.cxx */,
				99D5F35B23065A5400C10D22 /* WinRecord.h */,
				99D5F35A23065A5400C10D22 /* X.cxx */,
				99D5F34823065A5200C10D22 /* X.h */,
			);
			path = "Crack Attack";
			sourceTree = "<group>";
		};
		99D5F3A123065EDF00C10D22 /* Frameworks */ = {
			isa = PBXGroup;
			children = (
				99D5F3A223065EDF00C10D22 /* GLUT.framework */,
			);
			name = Frameworks;
			sourceTree = "<group>";
		};
		99D5F3A4230660EF00C10D22 /* Assets */ = {
			isa = PBXGroup;
			children = (
				99D5F3A52306610A00C10D22 /* Assets.xcassets */,
			);
			path = Assets;
			sourceTree = "<group>";
		};
/* End PBXGroup section */

/* Begin PBXNativeTarget section */
		99D5F2EC23065A2100C10D22 /* Crack Attack */ = {
			isa = PBXNativeTarget;
			buildConfigurationList = 99D5F2F423065A2100C10D22 /* Build configuration list for PBXNativeTarget "Crack Attack" */;
			buildPhases = (
				99D5F2E923065A2100C10D22 /* Sources */,
				99D5F2EA23065A2100C10D22 /* Frameworks */,
				99D5F2EB23065A2100C10D22 /* CopyFiles */,
			);
			buildRules = (
			);
			dependencies = (
			);
			name = "Crack Attack";
			productName = "Crack Attack";
			productReference = 99D5F2ED23065A2100C10D22 /* Crack Attack */;
			productType = "com.apple.product-type.tool";
		};
/* End PBXNativeTarget section */

/* Begin PBXProject section */
		99D5F2E523065A2100C10D22 /* Project object */ = {
			isa = PBXProject;
			attributes = {
				LastUpgradeCheck = 1030;
				ORGANIZATIONNAME = "Alvaro Santiesteban";
				TargetAttributes = {
					99D5F2EC23065A2100C10D22 = {
						CreatedOnToolsVersion = 10.3;
					};
				};
			};
			buildConfigurationList = 99D5F2E823065A2100C10D22 /* Build configuration list for PBXProject "Crack Attack" */;
			compatibilityVersion = "Xcode 9.3";
			developmentRegion = en;
			hasScannedForEncodings = 0;
			knownRegions = (
				en,
			);
			mainGroup = 99D5F2E423065A2100C10D22;
			productRefGroup = 99D5F2EE23065A2100C10D22 /* Products */;
			projectDirPath = "";
			projectRoot = "";
			targets = (
				99D5F2EC23065A2100C10D22 /* Crack Attack */,
			);
		};
/* End PBXProject section */

/* Begin PBXSourcesBuildPhase section */
		99D5F2E923065A2100C10D22 /* Sources */ = {
			isa = PBXSourcesBuildPhase;
			buildActionMask = 2147483647;
			files = (
				99D5F39623065A5500C10D22 /* CelebrationManager.cxx in Sources */,
				99D5F37B23065A5500C10D22 /* Block.cxx in Sources */,
				99D5F39123065A5500C10D22 /* LoseBar.cxx in Sources */,
				99D5F37D23065A5500C10D22 /* DrawGarbage.cxx in Sources */,
				99D5F36A23065A5500C10D22 /* DrawExternalCandy.cxx in Sources */,
				99D5F39823065A5500C10D22 /* GarbageFlavorImage.cxx in Sources */,
				99D5F39C23065A5500C10D22 /* X.cxx in Sources */,
				99D5F38B23065A5500C10D22 /* Clock.cxx in Sources */,
				99D5F36C23065A5500C10D22 /* DrawWinRecord.cxx in Sources */,
				99D5F39223065A5500C10D22 /* CAOptionController.m in Sources */,
				99D5F37023065A5500C10D22 /* obj_external_candy.cxx in Sources */,
				99D5F38F23065A5500C10D22 /* obj_garbage.cxx in Sources */,
				99D5F38923065A5500C10D22 /* obj_messages.cxx in Sources */,
				99D5F37223065A5500C10D22 /* obj_block.cxx in Sources */,
				99D5F36D23065A5500C10D22 /* DrawCandy.cxx in Sources */,
				99D5F3A023065A5500C10D22 /* Grid.cxx in Sources */,
				99D5F38123065A5500C10D22 /* ComboManager.cxx in Sources */,
				99D5F37623065A5500C10D22 /* obj_score_record.cxx in Sources */,
				99D5F36F23065A5500C10D22 /* Swapper.cxx in Sources */,
				99D5F37823065A5500C10D22 /* BlockManager.cxx in Sources */,
				99D5F36723065A5500C10D22 /* Displayer.cxx in Sources */,
				99D5F38623065A5500C10D22 /* obj_sparkle.cxx in Sources */,
				99D5F37F23065A5500C10D22 /* obj_level_lights.cxx in Sources */,
				99D5F36B23065A5500C10D22 /* Game.cxx in Sources */,
				99D5F39B23065A5500C10D22 /* Communicator.cxx in Sources */,
				99D5F36623065A5500C10D22 /* Spring.cxx in Sources */,
				99D5F36223065A5500C10D22 /* obj_swapper.cxx in Sources */,
				99D5F38A23065A5500C10D22 /* Score.cxx in Sources */,
				99D5F37323065A5500C10D22 /* GarbageGenerator.cxx in Sources */,
				99D5F36423065A5500C10D22 /* Garbage.cxx in Sources */,
				99D5F39323065A5500C10D22 /* obj_clock.cxx in Sources */,
				99D5F39523065A5500C10D22 /* SignManager.cxx in Sources */,
				99D5F39A23065A5500C10D22 /* DrawScoreRecord.cxx in Sources */,
				99D5F37923065A5500C10D22 /* CAString.cxx in Sources */,
				99D5F36923065A5500C10D22 /* LightManager.cxx in Sources */,
				99D5F37723065A5500C10D22 /* GarbageManager.cxx in Sources */,
				99D5F38D23065A5500C10D22 /* obj_garbage_thick_corner.cxx in Sources */,
				99D5F38323065A5500C10D22 /* obj_garbage_thick_middle.cxx in Sources */,
				99D5F37E23065A5500C10D22 /* LevelLights.cxx in Sources */,
				99D5F39F23065A5500C10D22 /* obj_sign.cxx in Sources */,
				99D5F39023065A5500C10D22 /* ScoreRecordManager.cxx in Sources */,
				99D5F36823065A5500C10D22 /* obj_garbage_thick_edge.cxx in Sources */,
				99D5F38E23065A5500C10D22 /* obj_garbage_thin_middle.cxx in Sources */,
				99D5F37523065A5500C10D22 /* obj_garbage_thin_cap.cxx in Sources */,
				99D5F37123065A5500C10D22 /* DrawSwapper.cxx in Sources */,
				99D5F38223065A5500C10D22 /* DrawLevelLights.cxx in Sources */,
				99D5F36E23065A5500C10D22 /* Sine.cxx in Sources */,
				99D5F38523065A5500C10D22 /* Controller.cxx in Sources */,
				99D5F39E23065A5500C10D22 /* Random.cxx in Sources */,
				99D5F37C23065A5500C10D22 /* MetaState.cxx in Sources */,
				99D5F38023065A5500C10D22 /* TextureLoader.cxx in Sources */,
				99D5F38823065A5500C10D22 /* SparkleManager.cxx in Sources */,
				99D5F36123065A5500C10D22 /* CountDownManager.cxx in Sources */,
				99D5F39923065A5500C10D22 /* DrawBlocks.cxx in Sources */,
				99D5F38423065A5500C10D22 /* WinRecord.cxx in Sources */,
				99D5F38723065A5500C10D22 /* Creep.cxx in Sources */,
				99D5F39723065A5500C10D22 /* obj_name.cxx in Sources */,
				99D5F37423065A5500C10D22 /* ComboTabulator.cxx in Sources */,
				99D5F37A23065A5500C10D22 /* MessageManager.cxx in Sources */,
				99D5F36323065A5500C10D22 /* Attack.M in Sources */,
				99D5F36523065A5500C10D22 /* obj_garbage_small.cxx in Sources */,
				99D5F39D23065A5500C10D22 /* DrawCountDown.cxx in Sources */,
				99D5F38C23065A5500C10D22 /* Attack.cxx in Sources */,
				99D5F39423065A5500C10D22 /* DrawMessages.cxx in Sources */,
			);
			runOnlyForDeploymentPostprocessing = 0;
		};
/* End PBXSourcesBuildPhase section */

/* Begin XCBuildConfiguration section */
		99D5F2F223065A2100C10D22 /* Debug */ = {
			isa = XCBuildConfiguration;
			buildSettings = {
				ALWAYS_SEARCH_USER_PATHS = NO;
				CLANG_ANALYZER_NONNULL = YES;
				CLANG_ANALYZER_NUMBER_OBJECT_CONVERSION = YES_AGGRESSIVE;
				CLANG_CXX_LANGUAGE_STANDARD = "gnu++14";
				CLANG_CXX_LIBRARY = "libc++";
				CLANG_ENABLE_MODULES = YES;
				CLANG_ENABLE_OBJC_ARC = NO;
				CLANG_ENABLE_OBJC_WEAK = YES;
				CLANG_WARN_BLOCK_CAPTURE_AUTORELEASING = YES;
				CLANG_WARN_BOOL_CONVERSION = YES;
				CLANG_WARN_COMMA = YES;
				CLANG_WARN_CONSTANT_CONVERSION = YES;
				CLANG_WARN_DEPRECATED_OBJC_IMPLEMENTATIONS = YES;
				CLANG_WARN_DIRECT_OBJC_ISA_USAGE = YES_ERROR;
				CLANG_WARN_DOCUMENTATION_COMMENTS = YES;
				CLANG_WARN_EMPTY_BODY = YES;
				CLANG_WARN_ENUM_CONVERSION = YES;
				CLANG_WARN_INFINITE_RECURSION = YES;
				CLANG_WARN_INT_CONVERSION = YES;
				CLANG_WARN_NON_LITERAL_NULL_CONVERSION = YES;
				CLANG_WARN_OBJC_IMPLICIT_RETAIN_SELF = YES;
				CLANG_WARN_OBJC_LITERAL_CONVERSION = YES;
				CLANG_WARN_OBJC_ROOT_CLASS = YES_ERROR;
				CLANG_WARN_RANGE_LOOP_ANALYSIS = YES;
				CLANG_WARN_STRICT_PROTOTYPES = YES;
				CLANG_WARN_SUSPICIOUS_MOVE = YES;
				CLANG_WARN_UNGUARDED_AVAILABILITY = YES_AGGRESSIVE;
				CLANG_WARN_UNREACHABLE_CODE = YES;
				CLANG_WARN__DUPLICATE_METHOD_MATCH = YES;
				CODE_SIGN_IDENTITY = "Mac Developer";
				COPY_PHASE_STRIP = NO;
				DEBUG_INFORMATION_FORMAT = dwarf;
				ENABLE_STRICT_OBJC_MSGSEND = YES;
				ENABLE_TESTABILITY = YES;
				GCC_C_LANGUAGE_STANDARD = gnu11;
				GCC_DYNAMIC_NO_PIC = NO;
				GCC_NO_COMMON_BLOCKS = YES;
				GCC_OPTIMIZATION_LEVEL = 0;
				GCC_PREPROCESSOR_DEFINITIONS = (
					"DEBUG=1",
					"$(inherited)",
				);
				GCC_WARN_64_TO_32_BIT_CONVERSION = YES;
				GCC_WARN_ABOUT_DEPRECATED_FUNCTIONS = NO;
				GCC_WARN_ABOUT_RETURN_TYPE = YES_ERROR;
				GCC_WARN_UNDECLARED_SELECTOR = YES;
				GCC_WARN_UNINITIALIZED_AUTOS = YES_AGGRESSIVE;
				GCC_WARN_UNUSED_FUNCTION = YES;
				GCC_WARN_UNUSED_VARIABLE = YES;
				MACOSX_DEPLOYMENT_TARGET = 10.14;
				MTL_ENABLE_DEBUG_INFO = INCLUDE_SOURCE;
				MTL_FAST_MATH = YES;
				ONLY_ACTIVE_ARCH = YES;
				SDKROOT = macosx;
			};
			name = Debug;
		};
		99D5F2F323065A2100C10D22 /* Release */ = {
			isa = XCBuildConfiguration;
			buildSettings = {
				ALWAYS_SEARCH_USER_PATHS = NO;
				CLANG_ANALYZER_NONNULL = YES;
				CLANG_ANALYZER_NUMBER_OBJECT_CONVERSION = YES_AGGRESSIVE;
				CLANG_CXX_LANGUAGE_STANDARD = "gnu++14";
				CLANG_CXX_LIBRARY = "libc++";
				CLANG_ENABLE_MODULES = YES;
				CLANG_ENABLE_OBJC_ARC = NO;
				CLANG_ENABLE_OBJC_WEAK = YES;
				CLANG_WARN_BLOCK_CAPTURE_AUTORELEASING = YES;
				CLANG_WARN_BOOL_CONVERSION = YES;
				CLANG_WARN_COMMA = YES;
				CLANG_WARN_CONSTANT_CONVERSION = YES;
				CLANG_WARN_DEPRECATED_OBJC_IMPLEMENTATIONS = YES;
				CLANG_WARN_DIRECT_OBJC_ISA_USAGE = YES_ERROR;
				CLANG_WARN_DOCUMENTATION_COMMENTS = YES;
				CLANG_WARN_EMPTY_BODY = YES;
				CLANG_WARN_ENUM_CONVERSION = YES;
				CLANG_WARN_INFINITE_RECURSION = YES;
				CLANG_WARN_INT_CONVERSION = YES;
				CLANG_WARN_NON_LITERAL_NULL_CONVERSION = YES;
				CLANG_WARN_OBJC_IMPLICIT_RETAIN_SELF = YES;
				CLANG_WARN_OBJC_LITERAL_CONVERSION = YES;
				CLANG_WARN_OBJC_ROOT_CLASS = YES_ERROR;
				CLANG_WARN_RANGE_LOOP_ANALYSIS = YES;
				CLANG_WARN_STRICT_PROTOTYPES = YES;
				CLANG_WARN_SUSPICIOUS_MOVE = YES;
				CLANG_WARN_UNGUARDED_AVAILABILITY = YES_AGGRESSIVE;
				CLANG_WARN_UNREACHABLE_CODE = YES;
				CLANG_WARN__DUPLICATE_METHOD_MATCH = YES;
				CODE_SIGN_IDENTITY = "Mac Developer";
				COPY_PHASE_STRIP = NO;
				DEBUG_INFORMATION_FORMAT = "dwarf-with-dsym";
				ENABLE_NS_ASSERTIONS = NO;
				ENABLE_STRICT_OBJC_MSGSEND = YES;
				GCC_C_LANGUAGE_STANDARD = gnu11;
				GCC_NO_COMMON_BLOCKS = YES;
				GCC_WARN_64_TO_32_BIT_CONVERSION = YES;
				GCC_WARN_ABOUT_DEPRECATED_FUNCTIONS = NO;
				GCC_WARN_ABOUT_RETURN_TYPE = YES_ERROR;
				GCC_WARN_UNDECLARED_SELECTOR = YES;
				GCC_WARN_UNINITIALIZED_AUTOS = YES_AGGRESSIVE;
				GCC_WARN_UNUSED_FUNCTION = YES;
				GCC_WARN_UNUSED_VARIABLE = YES;
				MACOSX_DEPLOYMENT_TARGET = 10.14;
				MTL_ENABLE_DEBUG_INFO = NO;
				MTL_FAST_MATH = YES;
				SDKROOT = macosx;
			};
			name = Release;
		};
		99D5F2F523065A2100C10D22 /* Debug */ = {
			isa = XCBuildConfiguration;
			buildSettings = {
				CODE_SIGN_STYLE = Automatic;
				DEVELOPMENT_TEAM = HN76A6WF5Z;
				PRODUCT_NAME = "$(TARGET_NAME)";
			};
			name = Debug;
		};
		99D5F2F623065A2100C10D22 /* Release */ = {
			isa = XCBuildConfiguration;
			buildSettings = {
				CODE_SIGN_STYLE = Automatic;
				DEVELOPMENT_TEAM = HN76A6WF5Z;
				PRODUCT_NAME = "$(TARGET_NAME)";
			};
			name = Release;
		};
/* End XCBuildConfiguration section */

/* Begin XCConfigurationList section */
		99D5F2E823065A2100C10D22 /* Build configuration list for PBXProject "Crack Attack" */ = {
			isa = XCConfigurationList;
			buildConfigurations = (
				99D5F2F223065A2100C10D22 /* Debug */,
				99D5F2F323065A2100C10D22 /* Release */,
			);
			defaultConfigurationIsVisible = 0;
			defaultConfigurationName = Release;
		};
		99D5F2F423065A2100C10D22 /* Build configuration list for PBXNativeTarget "Crack Attack" */ = {
			isa = XCConfigurationList;
			buildConfigurations = (
				99D5F2F523065A2100C10D22 /* Debug */,
				99D5F2F623065A2100C10D22 /* Release */,
			);
			defaultConfigurationIsVisible = 0;
			defaultConfigurationName = Release;
		};
/* End XCConfigurationList section */
	};
	rootObject = 99D5F2E523065A2100C10D22 /* Project object */;
}
